
Microsoft Visual Studio Solution File, Format Version 12.00
# Visual Studio 2013
VisualStudioVersion = 12.0.21005.1
MinimumVisualStudioVersion = 10.0.40219.1
Project("{FAE04EC0-301F-11D3-BF4B-00C04F79EFBC}") = "_01SQLHelper", "_01SQLHelper\_01SQLHelper.csproj", "{5BAD309D-7851-4067-B9EC-9599D6537C1B}"
EndProject
Project("{FAE04EC0-301F-11D3-BF4B-00C04F79EFBC}") = "_02省市联动", "_02省市联动\_02省市联动.csproj", "{2B44FF54-2F77-4E53-BE1A-624023BC35EE}"
EndProject
Project("{FAE04EC0-301F-11D3-BF4B-00C04F79EFBC}") = "_03资料管理器", "_03资料管理器\_03资料管理器.csproj", "{5FDE2213-39DC-4108-B6EB-BA7F12CA0978}"
EndProject
Global
	GlobalSection(SolutionConfigurationPlatforms) = preSolution
		Debug|Any CPU = Debug|Any CPU
		Release|Any CPU = Release|Any CPU
	EndGlobalSection
	GlobalSection(ProjectConfigurationPlatforms) = postSolution
		{5BAD309D-7851-4067-B9EC-9599D6537C1B}.Debug|Any CPU.ActiveCfg = Debug|Any CPU
		{5BAD309D-7851-4067-B9EC-9599D6537C1B}.Debug|Any CPU.Build.0 = Debug|Any CPU
		{5BAD309D-7851-4067-B9EC-9599D6537C1B}.Release|Any CPU.ActiveCfg = Release|Any CPU
		{5BAD309D-7851-4067-B9EC-9599D6537C1B}.Release|Any CPU.Build.0 = Release|Any CPU
		{2B44FF54-2F77-4E53-BE1A-624023BC35EE}.Debug|Any CPU.ActiveCfg = Debug|Any CPU
		{2B44FF54-2F77-4E53-BE1A-624023BC35EE}.Debug|Any CPU.Build.0 = Debug|Any CPU
		{2B44FF54-2F77-4E53-BE1A-624023BC35EE}.Release|Any CPU.ActiveCfg = Release|Any CPU
		{2B44FF54-2F77-4E53-BE1A-624023BC35EE}.Release|Any CPU.Build.0 = Release|Any CPU
		{5FDE2213-39DC-4108-B6EB-BA7F12CA0978}.Debug|Any CPU.ActiveCfg = Debug|Any CPU
		{5FDE2213-39DC-4108-B6EB-BA7F12CA0978}.Debug|Any CPU.Build.0 = Debug|Any CPU
		{5FDE2213-39DC-4108-B6EB-BA7F12CA0978}.Release|Any CPU.ActiveCfg = Release|Any CPU
		{5FDE2213-39DC-4108-B6EB-BA7F12CA0978}.Release|Any CPU.Build.0 = Release|Any CPU
	EndGlobalSection
	GlobalSection(SolutionProperties) = preSolution
		HideSolutionNode = FALSE
	EndGlobalSection
EndGlobal
