
Microsoft Visual Studio Solution File, Format Version 12.00
# Visual Studio 2013
VisualStudioVersion = 12.0.21005.1
MinimumVisualStudioVersion = 10.0.40219.1
Project("{FAE04EC0-301F-11D3-BF4B-00C04F79EFBC}") = "1225", "1225\1225.csproj", "{50271996-32B2-4150-910D-4C80626DAE15}"
EndProject
Project("{FAE04EC0-301F-11D3-BF4B-00C04F79EFBC}") = "_01SqlHelper", "_01SqlHelper\_01SqlHelper.csproj", "{2ECF1B00-B717-46CB-94CF-98C018EFC140}"
EndProject
Project("{FAE04EC0-301F-11D3-BF4B-00C04F79EFBC}") = "_02显示学生表数据", "_02显示学生表数据\_02显示学生表数据.csproj", "{FAB65D88-43B3-4DA2-B4AB-020BE8EC7152}"
EndProject
Global
	GlobalSection(SolutionConfigurationPlatforms) = preSolution
		Debug|Any CPU = Debug|Any CPU
		Release|Any CPU = Release|Any CPU
	EndGlobalSection
	GlobalSection(ProjectConfigurationPlatforms) = postSolution
		{50271996-32B2-4150-910D-4C80626DAE15}.Debug|Any CPU.ActiveCfg = Debug|Any CPU
		{50271996-32B2-4150-910D-4C80626DAE15}.Debug|Any CPU.Build.0 = Debug|Any CPU
		{50271996-32B2-4150-910D-4C80626DAE15}.Release|Any CPU.ActiveCfg = Release|Any CPU
		{50271996-32B2-4150-910D-4C80626DAE15}.Release|Any CPU.Build.0 = Release|Any CPU
		{2ECF1B00-B717-46CB-94CF-98C018EFC140}.Debug|Any CPU.ActiveCfg = Debug|Any CPU
		{2ECF1B00-B717-46CB-94CF-98C018EFC140}.Debug|Any CPU.Build.0 = Debug|Any CPU
		{2ECF1B00-B717-46CB-94CF-98C018EFC140}.Release|Any CPU.ActiveCfg = Release|Any CPU
		{2ECF1B00-B717-46CB-94CF-98C018EFC140}.Release|Any CPU.Build.0 = Release|Any CPU
		{FAB65D88-43B3-4DA2-B4AB-020BE8EC7152}.Debug|Any CPU.ActiveCfg = Debug|Any CPU
		{FAB65D88-43B3-4DA2-B4AB-020BE8EC7152}.Debug|Any CPU.Build.0 = Debug|Any CPU
		{FAB65D88-43B3-4DA2-B4AB-020BE8EC7152}.Release|Any CPU.ActiveCfg = Release|Any CPU
		{FAB65D88-43B3-4DA2-B4AB-020BE8EC7152}.Release|Any CPU.Build.0 = Release|Any CPU
	EndGlobalSection
	GlobalSection(SolutionProperties) = preSolution
		HideSolutionNode = FALSE
	EndGlobalSection
EndGlobal
