
Microsoft Visual Studio Solution File, Format Version 12.00
# Visual Studio 2013
VisualStudioVersion = 12.0.21005.1
MinimumVisualStudioVersion = 10.0.40219.1
Project("{FAE04EC0-301F-11D3-BF4B-00C04F79EFBC}") = "TestHtml", "TestHtml\TestHtml.csproj", "{BFB8DD1E-9F05-4EB7-9C23-961E5D1DD8D3}"
EndProject
Project("{FAE04EC0-301F-11D3-BF4B-00C04F79EFBC}") = "TestLogin", "TestLogin\TestLogin.csproj", "{DC8FD34A-4A94-4657-99E8-7C5F143F5CA4}"
EndProject
Project("{FAE04EC0-301F-11D3-BF4B-00C04F79EFBC}") = "TestLogin2", "TestLogin2\TestLogin2.csproj", "{4EDE663A-A93D-4E6A-91BB-C5B54AB8455C}"
EndProject
Global
	GlobalSection(SolutionConfigurationPlatforms) = preSolution
		Debug|Any CPU = Debug|Any CPU
		Release|Any CPU = Release|Any CPU
	EndGlobalSection
	GlobalSection(ProjectConfigurationPlatforms) = postSolution
		{BFB8DD1E-9F05-4EB7-9C23-961E5D1DD8D3}.Debug|Any CPU.ActiveCfg = Debug|Any CPU
		{BFB8DD1E-9F05-4EB7-9C23-961E5D1DD8D3}.Debug|Any CPU.Build.0 = Debug|Any CPU
		{BFB8DD1E-9F05-4EB7-9C23-961E5D1DD8D3}.Release|Any CPU.ActiveCfg = Release|Any CPU
		{BFB8DD1E-9F05-4EB7-9C23-961E5D1DD8D3}.Release|Any CPU.Build.0 = Release|Any CPU
		{DC8FD34A-4A94-4657-99E8-7C5F143F5CA4}.Debug|Any CPU.ActiveCfg = Debug|Any CPU
		{DC8FD34A-4A94-4657-99E8-7C5F143F5CA4}.Debug|Any CPU.Build.0 = Debug|Any CPU
		{DC8FD34A-4A94-4657-99E8-7C5F143F5CA4}.Release|Any CPU.ActiveCfg = Release|Any CPU
		{DC8FD34A-4A94-4657-99E8-7C5F143F5CA4}.Release|Any CPU.Build.0 = Release|Any CPU
		{4EDE663A-A93D-4E6A-91BB-C5B54AB8455C}.Debug|Any CPU.ActiveCfg = Debug|Any CPU
		{4EDE663A-A93D-4E6A-91BB-C5B54AB8455C}.Debug|Any CPU.Build.0 = Debug|Any CPU
		{4EDE663A-A93D-4E6A-91BB-C5B54AB8455C}.Release|Any CPU.ActiveCfg = Release|Any CPU
		{4EDE663A-A93D-4E6A-91BB-C5B54AB8455C}.Release|Any CPU.Build.0 = Release|Any CPU
	EndGlobalSection
	GlobalSection(SolutionProperties) = preSolution
		HideSolutionNode = FALSE
	EndGlobalSection
EndGlobal
