
Microsoft Visual Studio Solution File, Format Version 12.00
# Visual Studio 2013
VisualStudioVersion = 12.0.21005.1
MinimumVisualStudioVersion = 10.0.40219.1
Project("{FAE04EC0-301F-11D3-BF4B-00C04F79EFBC}") = "1221作业", "1221作业\1221作业.csproj", "{904CD485-39EA-488C-9A98-7FD1513427E1}"
EndProject
Global
	GlobalSection(SolutionConfigurationPlatforms) = preSolution
		Debug|Any CPU = Debug|Any CPU
		Release|Any CPU = Release|Any CPU
	EndGlobalSection
	GlobalSection(ProjectConfigurationPlatforms) = postSolution
		{904CD485-39EA-488C-9A98-7FD1513427E1}.Debug|Any CPU.ActiveCfg = Debug|Any CPU
		{904CD485-39EA-488C-9A98-7FD1513427E1}.Debug|Any CPU.Build.0 = Debug|Any CPU
		{904CD485-39EA-488C-9A98-7FD1513427E1}.Release|Any CPU.ActiveCfg = Release|Any CPU
		{904CD485-39EA-488C-9A98-7FD1513427E1}.Release|Any CPU.Build.0 = Release|Any CPU
	EndGlobalSection
	GlobalSection(SolutionProperties) = preSolution
		HideSolutionNode = FALSE
	EndGlobalSection
EndGlobal
